
Microsoft Visual Studio Solution File, Format Version 12.00
# Visual Studio 15
VisualStudioVersion = 15.0.26124.0
MinimumVisualStudioVersion = 15.0.26124.0
Project("{2150E333-8FDC-42A3-9474-1A3956D46DE8}") = "courses", "courses", "{8074AE65-91D0-4AB7-98EE-4E91C526BAF4}"
EndProject
Project("{FAE04EC0-301F-11D3-BF4B-00C04F79EFBC}") = "Courses.Domain", "Services\Courses\Courses.Domain\Courses.Domain.csproj", "{DAF96C94-ED8B-4799-A7EC-1B969EDB8B92}"
EndProject
Project("{2150E333-8FDC-42A3-9474-1A3956D46DE8}") = "Services", "Services", "{2693E86D-ACDE-4793-B2E9-C4DDD64DC529}"
EndProject
Project("{2150E333-8FDC-42A3-9474-1A3956D46DE8}") = "Courses", "Courses", "{EDB90FC5-D8FD-48C4-9595-97AD1CA7B261}"
EndProject
Project("{FAE04EC0-301F-11D3-BF4B-00C04F79EFBC}") = "Courses.UnitTests", "Services\Courses\Courses.UnitTests\Courses.UnitTests.csproj", "{CA0AC91E-48C3-4A69-B394-4D7D02BCC6DB}"
EndProject
Project("{2150E333-8FDC-42A3-9474-1A3956D46DE8}") = "src", "src", "{3B2E7783-B2EC-4D6E-9ED8-075421B479A8}"
EndProject
Project("{2150E333-8FDC-42A3-9474-1A3956D46DE8}") = "Services", "Services", "{9AAC2D4B-BAC2-4B8E-A58C-AD68068CE469}"
EndProject
Project("{2150E333-8FDC-42A3-9474-1A3956D46DE8}") = "Courses", "Courses", "{8ABF7D67-8F9B-4949-9407-65304C334C1F}"
EndProject
Project("{FAE04EC0-301F-11D3-BF4B-00C04F79EFBC}") = "Courses.Infrastructure", "Services\Courses\Courses.Infrastructure\Courses.Infrastructure.csproj", "{41BFAB5C-4EB8-4313-8723-929CBFC5462A}"
EndProject
Project("{FAE04EC0-301F-11D3-BF4B-00C04F79EFBC}") = "Courses.API", "Services\Courses\Courses.API\Courses.API.csproj", "{4F082585-3A39-46AA-BD89-36D48CCD26B5}"
EndProject
Project("{2150E333-8FDC-42A3-9474-1A3956D46DE8}") = "BuildingBlocks", "BuildingBlocks", "{D8AC391F-6684-424C-8589-72B854027E5C}"
EndProject
Project("{2150E333-8FDC-42A3-9474-1A3956D46DE8}") = "EventBus", "EventBus", "{2C8462EA-CA96-40CA-B119-4636137FF40D}"
EndProject
Project("{FAE04EC0-301F-11D3-BF4B-00C04F79EFBC}") = "EventBus", "BuildingBlocks\EventBus\EventBus\EventBus.csproj", "{1D96A84B-9D44-42AD-89A3-E3836339577C}"
EndProject
Project("{FAE04EC0-301F-11D3-BF4B-00C04F79EFBC}") = "WebHost.Customization", "BuildingBlocks\WebHost.Customization\WebHost.Customization.csproj", "{27EB4240-1B6D-469A-9A13-C560898ECED0}"
EndProject
Project("{FAE04EC0-301F-11D3-BF4B-00C04F79EFBC}") = "EventBusRabbitMQ", "BuildingBlocks\EventBus\EventBusRabbitMQ\EventBusRabbitMQ.csproj", "{73FE9A92-8F47-4F75-84CE-DAB8932738A3}"
EndProject
Project("{FAE04EC0-301F-11D3-BF4B-00C04F79EFBC}") = "Courses.StoredProcedures", "Services\Courses\Courses.StoredProcedures\Courses.StoredProcedures.csproj", "{EBB46993-B4A8-419B-BC31-47EC344D0667}"
EndProject
Project("{FAE04EC0-301F-11D3-BF4B-00C04F79EFBC}") = "IntegrationEventLogEF", "BuildingBlocks\EventBus\IntegrationEventLogEF\IntegrationEventLogEF.csproj", "{0F85BBCE-00C1-42A2-876F-F04D75FED43D}"
EndProject
Project("{2150E333-8FDC-42A3-9474-1A3956D46DE8}") = "Identity", "Identity", "{6DF51F4A-22CB-4D9D-9761-0EE2FE5DB38D}"
EndProject
Project("{FAE04EC0-301F-11D3-BF4B-00C04F79EFBC}") = "Identity.API", "Services\Identity\Identity.API\Identity.API.csproj", "{79738B5C-89D9-457B-A838-9D0B0877B14D}"
EndProject
Project("{FAE04EC0-301F-11D3-BF4B-00C04F79EFBC}") = "Validation", "BuildingBlocks\Validation\Validation.csproj", "{13DC5E53-2B22-4AF3-9BC1-B39669035BB5}"
EndProject
Project("{2150E333-8FDC-42A3-9474-1A3956D46DE8}") = "Testing", "Testing", "{ED602ACF-1F46-4D2B-9266-1BA7220A46F8}"
EndProject
Project("{2150E333-8FDC-42A3-9474-1A3956D46DE8}") = "BuildingBlocks", "BuildingBlocks", "{7F3B59BE-F3C6-49BD-93A2-BD08C790C006}"
EndProject
Project("{FAE04EC0-301F-11D3-BF4B-00C04F79EFBC}") = "TestingCore", "Testing\BuildingBlocks\Core\TestingCore.csproj", "{AC6C2BBF-38B2-484D-9178-93BC5B5D6E0D}"
EndProject
Project("{FAE04EC0-301F-11D3-BF4B-00C04F79EFBC}") = "EventBusServiceBus", "BuildingBlocks\EventBus\EventBusServiceBus\EventBusServiceBus.csproj", "{E4511642-9CAF-4196-9F43-40794197FA84}"
EndProject
Global
	GlobalSection(SolutionConfigurationPlatforms) = preSolution
		Debug|Any CPU = Debug|Any CPU
		Debug|x64 = Debug|x64
		Debug|x86 = Debug|x86
		Release|Any CPU = Release|Any CPU
		Release|x64 = Release|x64
		Release|x86 = Release|x86
	EndGlobalSection
	GlobalSection(SolutionProperties) = preSolution
		HideSolutionNode = FALSE
	EndGlobalSection
	GlobalSection(ProjectConfigurationPlatforms) = postSolution
		{DAF96C94-ED8B-4799-A7EC-1B969EDB8B92}.Debug|Any CPU.ActiveCfg = Debug|Any CPU
		{DAF96C94-ED8B-4799-A7EC-1B969EDB8B92}.Debug|Any CPU.Build.0 = Debug|Any CPU
		{DAF96C94-ED8B-4799-A7EC-1B969EDB8B92}.Debug|x64.ActiveCfg = Debug|Any CPU
		{DAF96C94-ED8B-4799-A7EC-1B969EDB8B92}.Debug|x64.Build.0 = Debug|Any CPU
		{DAF96C94-ED8B-4799-A7EC-1B969EDB8B92}.Debug|x86.ActiveCfg = Debug|Any CPU
		{DAF96C94-ED8B-4799-A7EC-1B969EDB8B92}.Debug|x86.Build.0 = Debug|Any CPU
		{DAF96C94-ED8B-4799-A7EC-1B969EDB8B92}.Release|Any CPU.ActiveCfg = Release|Any CPU
		{DAF96C94-ED8B-4799-A7EC-1B969EDB8B92}.Release|Any CPU.Build.0 = Release|Any CPU
		{DAF96C94-ED8B-4799-A7EC-1B969EDB8B92}.Release|x64.ActiveCfg = Release|Any CPU
		{DAF96C94-ED8B-4799-A7EC-1B969EDB8B92}.Release|x64.Build.0 = Release|Any CPU
		{DAF96C94-ED8B-4799-A7EC-1B969EDB8B92}.Release|x86.ActiveCfg = Release|Any CPU
		{DAF96C94-ED8B-4799-A7EC-1B969EDB8B92}.Release|x86.Build.0 = Release|Any CPU
		{CA0AC91E-48C3-4A69-B394-4D7D02BCC6DB}.Debug|Any CPU.ActiveCfg = Debug|Any CPU
		{CA0AC91E-48C3-4A69-B394-4D7D02BCC6DB}.Debug|Any CPU.Build.0 = Debug|Any CPU
		{CA0AC91E-48C3-4A69-B394-4D7D02BCC6DB}.Debug|x64.ActiveCfg = Debug|Any CPU
		{CA0AC91E-48C3-4A69-B394-4D7D02BCC6DB}.Debug|x64.Build.0 = Debug|Any CPU
		{CA0AC91E-48C3-4A69-B394-4D7D02BCC6DB}.Debug|x86.ActiveCfg = Debug|Any CPU
		{CA0AC91E-48C3-4A69-B394-4D7D02BCC6DB}.Debug|x86.Build.0 = Debug|Any CPU
		{CA0AC91E-48C3-4A69-B394-4D7D02BCC6DB}.Release|Any CPU.ActiveCfg = Release|Any CPU
		{CA0AC91E-48C3-4A69-B394-4D7D02BCC6DB}.Release|Any CPU.Build.0 = Release|Any CPU
		{CA0AC91E-48C3-4A69-B394-4D7D02BCC6DB}.Release|x64.ActiveCfg = Release|Any CPU
		{CA0AC91E-48C3-4A69-B394-4D7D02BCC6DB}.Release|x64.Build.0 = Release|Any CPU
		{CA0AC91E-48C3-4A69-B394-4D7D02BCC6DB}.Release|x86.ActiveCfg = Release|Any CPU
		{CA0AC91E-48C3-4A69-B394-4D7D02BCC6DB}.Release|x86.Build.0 = Release|Any CPU
		{41BFAB5C-4EB8-4313-8723-929CBFC5462A}.Debug|Any CPU.ActiveCfg = Debug|Any CPU
		{41BFAB5C-4EB8-4313-8723-929CBFC5462A}.Debug|Any CPU.Build.0 = Debug|Any CPU
		{41BFAB5C-4EB8-4313-8723-929CBFC5462A}.Debug|x64.ActiveCfg = Debug|Any CPU
		{41BFAB5C-4EB8-4313-8723-929CBFC5462A}.Debug|x64.Build.0 = Debug|Any CPU
		{41BFAB5C-4EB8-4313-8723-929CBFC5462A}.Debug|x86.ActiveCfg = Debug|Any CPU
		{41BFAB5C-4EB8-4313-8723-929CBFC5462A}.Debug|x86.Build.0 = Debug|Any CPU
		{41BFAB5C-4EB8-4313-8723-929CBFC5462A}.Release|Any CPU.ActiveCfg = Release|Any CPU
		{41BFAB5C-4EB8-4313-8723-929CBFC5462A}.Release|Any CPU.Build.0 = Release|Any CPU
		{41BFAB5C-4EB8-4313-8723-929CBFC5462A}.Release|x64.ActiveCfg = Release|Any CPU
		{41BFAB5C-4EB8-4313-8723-929CBFC5462A}.Release|x64.Build.0 = Release|Any CPU
		{41BFAB5C-4EB8-4313-8723-929CBFC5462A}.Release|x86.ActiveCfg = Release|Any CPU
		{41BFAB5C-4EB8-4313-8723-929CBFC5462A}.Release|x86.Build.0 = Release|Any CPU
		{4F082585-3A39-46AA-BD89-36D48CCD26B5}.Debug|Any CPU.ActiveCfg = Debug|Any CPU
		{4F082585-3A39-46AA-BD89-36D48CCD26B5}.Debug|Any CPU.Build.0 = Debug|Any CPU
		{4F082585-3A39-46AA-BD89-36D48CCD26B5}.Debug|x64.ActiveCfg = Debug|Any CPU
		{4F082585-3A39-46AA-BD89-36D48CCD26B5}.Debug|x64.Build.0 = Debug|Any CPU
		{4F082585-3A39-46AA-BD89-36D48CCD26B5}.Debug|x86.ActiveCfg = Debug|Any CPU
		{4F082585-3A39-46AA-BD89-36D48CCD26B5}.Debug|x86.Build.0 = Debug|Any CPU
		{4F082585-3A39-46AA-BD89-36D48CCD26B5}.Release|Any CPU.ActiveCfg = Release|Any CPU
		{4F082585-3A39-46AA-BD89-36D48CCD26B5}.Release|Any CPU.Build.0 = Release|Any CPU
		{4F082585-3A39-46AA-BD89-36D48CCD26B5}.Release|x64.ActiveCfg = Release|Any CPU
		{4F082585-3A39-46AA-BD89-36D48CCD26B5}.Release|x64.Build.0 = Release|Any CPU
		{4F082585-3A39-46AA-BD89-36D48CCD26B5}.Release|x86.ActiveCfg = Release|Any CPU
		{4F082585-3A39-46AA-BD89-36D48CCD26B5}.Release|x86.Build.0 = Release|Any CPU
		{1D96A84B-9D44-42AD-89A3-E3836339577C}.Debug|Any CPU.ActiveCfg = Debug|Any CPU
		{1D96A84B-9D44-42AD-89A3-E3836339577C}.Debug|Any CPU.Build.0 = Debug|Any CPU
		{1D96A84B-9D44-42AD-89A3-E3836339577C}.Debug|x64.ActiveCfg = Debug|Any CPU
		{1D96A84B-9D44-42AD-89A3-E3836339577C}.Debug|x64.Build.0 = Debug|Any CPU
		{1D96A84B-9D44-42AD-89A3-E3836339577C}.Debug|x86.ActiveCfg = Debug|Any CPU
		{1D96A84B-9D44-42AD-89A3-E3836339577C}.Debug|x86.Build.0 = Debug|Any CPU
		{1D96A84B-9D44-42AD-89A3-E3836339577C}.Release|Any CPU.ActiveCfg = Release|Any CPU
		{1D96A84B-9D44-42AD-89A3-E3836339577C}.Release|Any CPU.Build.0 = Release|Any CPU
		{1D96A84B-9D44-42AD-89A3-E3836339577C}.Release|x64.ActiveCfg = Release|Any CPU
		{1D96A84B-9D44-42AD-89A3-E3836339577C}.Release|x64.Build.0 = Release|Any CPU
		{1D96A84B-9D44-42AD-89A3-E3836339577C}.Release|x86.ActiveCfg = Release|Any CPU
		{1D96A84B-9D44-42AD-89A3-E3836339577C}.Release|x86.Build.0 = Release|Any CPU
		{27EB4240-1B6D-469A-9A13-C560898ECED0}.Debug|Any CPU.ActiveCfg = Debug|Any CPU
		{27EB4240-1B6D-469A-9A13-C560898ECED0}.Debug|Any CPU.Build.0 = Debug|Any CPU
		{27EB4240-1B6D-469A-9A13-C560898ECED0}.Debug|x64.ActiveCfg = Debug|Any CPU
		{27EB4240-1B6D-469A-9A13-C560898ECED0}.Debug|x64.Build.0 = Debug|Any CPU
		{27EB4240-1B6D-469A-9A13-C560898ECED0}.Debug|x86.ActiveCfg = Debug|Any CPU
		{27EB4240-1B6D-469A-9A13-C560898ECED0}.Debug|x86.Build.0 = Debug|Any CPU
		{27EB4240-1B6D-469A-9A13-C560898ECED0}.Release|Any CPU.ActiveCfg = Release|Any CPU
		{27EB4240-1B6D-469A-9A13-C560898ECED0}.Release|Any CPU.Build.0 = Release|Any CPU
		{27EB4240-1B6D-469A-9A13-C560898ECED0}.Release|x64.ActiveCfg = Release|Any CPU
		{27EB4240-1B6D-469A-9A13-C560898ECED0}.Release|x64.Build.0 = Release|Any CPU
		{27EB4240-1B6D-469A-9A13-C560898ECED0}.Release|x86.ActiveCfg = Release|Any CPU
		{27EB4240-1B6D-469A-9A13-C560898ECED0}.Release|x86.Build.0 = Release|Any CPU
		{73FE9A92-8F47-4F75-84CE-DAB8932738A3}.Debug|Any CPU.ActiveCfg = Debug|Any CPU
		{73FE9A92-8F47-4F75-84CE-DAB8932738A3}.Debug|Any CPU.Build.0 = Debug|Any CPU
		{73FE9A92-8F47-4F75-84CE-DAB8932738A3}.Debug|x64.ActiveCfg = Debug|Any CPU
		{73FE9A92-8F47-4F75-84CE-DAB8932738A3}.Debug|x64.Build.0 = Debug|Any CPU
		{73FE9A92-8F47-4F75-84CE-DAB8932738A3}.Debug|x86.ActiveCfg = Debug|Any CPU
		{73FE9A92-8F47-4F75-84CE-DAB8932738A3}.Debug|x86.Build.0 = Debug|Any CPU
		{73FE9A92-8F47-4F75-84CE-DAB8932738A3}.Release|Any CPU.ActiveCfg = Release|Any CPU
		{73FE9A92-8F47-4F75-84CE-DAB8932738A3}.Release|Any CPU.Build.0 = Release|Any CPU
		{73FE9A92-8F47-4F75-84CE-DAB8932738A3}.Release|x64.ActiveCfg = Release|Any CPU
		{73FE9A92-8F47-4F75-84CE-DAB8932738A3}.Release|x64.Build.0 = Release|Any CPU
		{73FE9A92-8F47-4F75-84CE-DAB8932738A3}.Release|x86.ActiveCfg = Release|Any CPU
		{73FE9A92-8F47-4F75-84CE-DAB8932738A3}.Release|x86.Build.0 = Release|Any CPU
		{EBB46993-B4A8-419B-BC31-47EC344D0667}.Debug|Any CPU.ActiveCfg = Debug|Any CPU
		{EBB46993-B4A8-419B-BC31-47EC344D0667}.Debug|Any CPU.Build.0 = Debug|Any CPU
		{EBB46993-B4A8-419B-BC31-47EC344D0667}.Debug|x64.ActiveCfg = Debug|Any CPU
		{EBB46993-B4A8-419B-BC31-47EC344D0667}.Debug|x64.Build.0 = Debug|Any CPU
		{EBB46993-B4A8-419B-BC31-47EC344D0667}.Debug|x86.ActiveCfg = Debug|Any CPU
		{EBB46993-B4A8-419B-BC31-47EC344D0667}.Debug|x86.Build.0 = Debug|Any CPU
		{EBB46993-B4A8-419B-BC31-47EC344D0667}.Release|Any CPU.ActiveCfg = Release|Any CPU
		{EBB46993-B4A8-419B-BC31-47EC344D0667}.Release|Any CPU.Build.0 = Release|Any CPU
		{EBB46993-B4A8-419B-BC31-47EC344D0667}.Release|x64.ActiveCfg = Release|Any CPU
		{EBB46993-B4A8-419B-BC31-47EC344D0667}.Release|x64.Build.0 = Release|Any CPU
		{EBB46993-B4A8-419B-BC31-47EC344D0667}.Release|x86.ActiveCfg = Release|Any CPU
		{EBB46993-B4A8-419B-BC31-47EC344D0667}.Release|x86.Build.0 = Release|Any CPU
		{0F85BBCE-00C1-42A2-876F-F04D75FED43D}.Debug|Any CPU.ActiveCfg = Debug|Any CPU
		{0F85BBCE-00C1-42A2-876F-F04D75FED43D}.Debug|Any CPU.Build.0 = Debug|Any CPU
		{0F85BBCE-00C1-42A2-876F-F04D75FED43D}.Debug|x64.ActiveCfg = Debug|Any CPU
		{0F85BBCE-00C1-42A2-876F-F04D75FED43D}.Debug|x64.Build.0 = Debug|Any CPU
		{0F85BBCE-00C1-42A2-876F-F04D75FED43D}.Debug|x86.ActiveCfg = Debug|Any CPU
		{0F85BBCE-00C1-42A2-876F-F04D75FED43D}.Debug|x86.Build.0 = Debug|Any CPU
		{0F85BBCE-00C1-42A2-876F-F04D75FED43D}.Release|Any CPU.ActiveCfg = Release|Any CPU
		{0F85BBCE-00C1-42A2-876F-F04D75FED43D}.Release|Any CPU.Build.0 = Release|Any CPU
		{0F85BBCE-00C1-42A2-876F-F04D75FED43D}.Release|x64.ActiveCfg = Release|Any CPU
		{0F85BBCE-00C1-42A2-876F-F04D75FED43D}.Release|x64.Build.0 = Release|Any CPU
		{0F85BBCE-00C1-42A2-876F-F04D75FED43D}.Release|x86.ActiveCfg = Release|Any CPU
		{0F85BBCE-00C1-42A2-876F-F04D75FED43D}.Release|x86.Build.0 = Release|Any CPU
		{79738B5C-89D9-457B-A838-9D0B0877B14D}.Debug|Any CPU.ActiveCfg = Debug|Any CPU
		{79738B5C-89D9-457B-A838-9D0B0877B14D}.Debug|Any CPU.Build.0 = Debug|Any CPU
		{79738B5C-89D9-457B-A838-9D0B0877B14D}.Debug|x64.ActiveCfg = Debug|Any CPU
		{79738B5C-89D9-457B-A838-9D0B0877B14D}.Debug|x64.Build.0 = Debug|Any CPU
		{79738B5C-89D9-457B-A838-9D0B0877B14D}.Debug|x86.ActiveCfg = Debug|Any CPU
		{79738B5C-89D9-457B-A838-9D0B0877B14D}.Debug|x86.Build.0 = Debug|Any CPU
		{79738B5C-89D9-457B-A838-9D0B0877B14D}.Release|Any CPU.ActiveCfg = Release|Any CPU
		{79738B5C-89D9-457B-A838-9D0B0877B14D}.Release|Any CPU.Build.0 = Release|Any CPU
		{79738B5C-89D9-457B-A838-9D0B0877B14D}.Release|x64.ActiveCfg = Release|Any CPU
		{79738B5C-89D9-457B-A838-9D0B0877B14D}.Release|x64.Build.0 = Release|Any CPU
		{79738B5C-89D9-457B-A838-9D0B0877B14D}.Release|x86.ActiveCfg = Release|Any CPU
		{79738B5C-89D9-457B-A838-9D0B0877B14D}.Release|x86.Build.0 = Release|Any CPU
		{13DC5E53-2B22-4AF3-9BC1-B39669035BB5}.Debug|Any CPU.ActiveCfg = Debug|Any CPU
		{13DC5E53-2B22-4AF3-9BC1-B39669035BB5}.Debug|Any CPU.Build.0 = Debug|Any CPU
		{13DC5E53-2B22-4AF3-9BC1-B39669035BB5}.Debug|x64.ActiveCfg = Debug|Any CPU
		{13DC5E53-2B22-4AF3-9BC1-B39669035BB5}.Debug|x64.Build.0 = Debug|Any CPU
		{13DC5E53-2B22-4AF3-9BC1-B39669035BB5}.Debug|x86.ActiveCfg = Debug|Any CPU
		{13DC5E53-2B22-4AF3-9BC1-B39669035BB5}.Debug|x86.Build.0 = Debug|Any CPU
		{13DC5E53-2B22-4AF3-9BC1-B39669035BB5}.Release|Any CPU.ActiveCfg = Release|Any CPU
		{13DC5E53-2B22-4AF3-9BC1-B39669035BB5}.Release|Any CPU.Build.0 = Release|Any CPU
		{13DC5E53-2B22-4AF3-9BC1-B39669035BB5}.Release|x64.ActiveCfg = Release|Any CPU
		{13DC5E53-2B22-4AF3-9BC1-B39669035BB5}.Release|x64.Build.0 = Release|Any CPU
		{13DC5E53-2B22-4AF3-9BC1-B39669035BB5}.Release|x86.ActiveCfg = Release|Any CPU
		{13DC5E53-2B22-4AF3-9BC1-B39669035BB5}.Release|x86.Build.0 = Release|Any CPU
		{AC6C2BBF-38B2-484D-9178-93BC5B5D6E0D}.Debug|Any CPU.ActiveCfg = Debug|Any CPU
		{AC6C2BBF-38B2-484D-9178-93BC5B5D6E0D}.Debug|Any CPU.Build.0 = Debug|Any CPU
		{AC6C2BBF-38B2-484D-9178-93BC5B5D6E0D}.Debug|x64.ActiveCfg = Debug|Any CPU
		{AC6C2BBF-38B2-484D-9178-93BC5B5D6E0D}.Debug|x64.Build.0 = Debug|Any CPU
		{AC6C2BBF-38B2-484D-9178-93BC5B5D6E0D}.Debug|x86.ActiveCfg = Debug|Any CPU
		{AC6C2BBF-38B2-484D-9178-93BC5B5D6E0D}.Debug|x86.Build.0 = Debug|Any CPU
		{AC6C2BBF-38B2-484D-9178-93BC5B5D6E0D}.Release|Any CPU.ActiveCfg = Release|Any CPU
		{AC6C2BBF-38B2-484D-9178-93BC5B5D6E0D}.Release|Any CPU.Build.0 = Release|Any CPU
		{AC6C2BBF-38B2-484D-9178-93BC5B5D6E0D}.Release|x64.ActiveCfg = Release|Any CPU
		{AC6C2BBF-38B2-484D-9178-93BC5B5D6E0D}.Release|x64.Build.0 = Release|Any CPU
		{AC6C2BBF-38B2-484D-9178-93BC5B5D6E0D}.Release|x86.ActiveCfg = Release|Any CPU
		{AC6C2BBF-38B2-484D-9178-93BC5B5D6E0D}.Release|x86.Build.0 = Release|Any CPU
		{E4511642-9CAF-4196-9F43-40794197FA84}.Debug|Any CPU.ActiveCfg = Debug|Any CPU
		{E4511642-9CAF-4196-9F43-40794197FA84}.Debug|Any CPU.Build.0 = Debug|Any CPU
		{E4511642-9CAF-4196-9F43-40794197FA84}.Debug|x64.ActiveCfg = Debug|Any CPU
		{E4511642-9CAF-4196-9F43-40794197FA84}.Debug|x64.Build.0 = Debug|Any CPU
		{E4511642-9CAF-4196-9F43-40794197FA84}.Debug|x86.ActiveCfg = Debug|Any CPU
		{E4511642-9CAF-4196-9F43-40794197FA84}.Debug|x86.Build.0 = Debug|Any CPU
		{E4511642-9CAF-4196-9F43-40794197FA84}.Release|Any CPU.ActiveCfg = Release|Any CPU
		{E4511642-9CAF-4196-9F43-40794197FA84}.Release|Any CPU.Build.0 = Release|Any CPU
		{E4511642-9CAF-4196-9F43-40794197FA84}.Release|x64.ActiveCfg = Release|Any CPU
		{E4511642-9CAF-4196-9F43-40794197FA84}.Release|x64.Build.0 = Release|Any CPU
		{E4511642-9CAF-4196-9F43-40794197FA84}.Release|x86.ActiveCfg = Release|Any CPU
		{E4511642-9CAF-4196-9F43-40794197FA84}.Release|x86.Build.0 = Release|Any CPU
	EndGlobalSection
	GlobalSection(NestedProjects) = preSolution
		{DAF96C94-ED8B-4799-A7EC-1B969EDB8B92} = {8074AE65-91D0-4AB7-98EE-4E91C526BAF4}
		{EDB90FC5-D8FD-48C4-9595-97AD1CA7B261} = {2693E86D-ACDE-4793-B2E9-C4DDD64DC529}
		{CA0AC91E-48C3-4A69-B394-4D7D02BCC6DB} = {EDB90FC5-D8FD-48C4-9595-97AD1CA7B261}
		{9AAC2D4B-BAC2-4B8E-A58C-AD68068CE469} = {3B2E7783-B2EC-4D6E-9ED8-075421B479A8}
		{8ABF7D67-8F9B-4949-9407-65304C334C1F} = {9AAC2D4B-BAC2-4B8E-A58C-AD68068CE469}
		{41BFAB5C-4EB8-4313-8723-929CBFC5462A} = {8ABF7D67-8F9B-4949-9407-65304C334C1F}
		{4F082585-3A39-46AA-BD89-36D48CCD26B5} = {EDB90FC5-D8FD-48C4-9595-97AD1CA7B261}
		{2C8462EA-CA96-40CA-B119-4636137FF40D} = {D8AC391F-6684-424C-8589-72B854027E5C}
		{1D96A84B-9D44-42AD-89A3-E3836339577C} = {2C8462EA-CA96-40CA-B119-4636137FF40D}
		{27EB4240-1B6D-469A-9A13-C560898ECED0} = {D8AC391F-6684-424C-8589-72B854027E5C}
		{73FE9A92-8F47-4F75-84CE-DAB8932738A3} = {2C8462EA-CA96-40CA-B119-4636137FF40D}
		{EBB46993-B4A8-419B-BC31-47EC344D0667} = {EDB90FC5-D8FD-48C4-9595-97AD1CA7B261}
		{0F85BBCE-00C1-42A2-876F-F04D75FED43D} = {2C8462EA-CA96-40CA-B119-4636137FF40D}
		{6DF51F4A-22CB-4D9D-9761-0EE2FE5DB38D} = {2693E86D-ACDE-4793-B2E9-C4DDD64DC529}
		{79738B5C-89D9-457B-A838-9D0B0877B14D} = {6DF51F4A-22CB-4D9D-9761-0EE2FE5DB38D}
		{13DC5E53-2B22-4AF3-9BC1-B39669035BB5} = {D8AC391F-6684-424C-8589-72B854027E5C}
		{7F3B59BE-F3C6-49BD-93A2-BD08C790C006} = {ED602ACF-1F46-4D2B-9266-1BA7220A46F8}
		{AC6C2BBF-38B2-484D-9178-93BC5B5D6E0D} = {7F3B59BE-F3C6-49BD-93A2-BD08C790C006}
		{E4511642-9CAF-4196-9F43-40794197FA84} = {2C8462EA-CA96-40CA-B119-4636137FF40D}
	EndGlobalSection
EndGlobal
